lockfileVersion: '6.0'

settings:
  autoInstallPeers: true
  excludeLinksFromLockfile: false

dependencies:
  '@meower-media/meower':
    specifier: file:../meower-media-meower-2.0.0-alpha10.tgz
    version: file:../meower-media-meower-2.0.0-alpha10.tgz
  loglevel:
    specifier: ^1.9.1
    version: 1.9.1

packages:

  /events@3.3.0:
    resolution: {integrity: sha512-mQw+2fkQbALzQ7V0MY0IqdnXNOeTtP4r0lN9z7AAawCXgqea7bDii20AYrIBrFd/Hx0M2Ocz6S111CaFkUcb0Q==}
    engines: {node: '>=0.8.x'}
    dev: false

  /isomorphic-ws@5.0.0(ws@8.16.0):
    resolution: {integrity: sha512-muId7Zzn9ywDsyXgTIafTry2sV3nySZeUDe6YedVd1Hvuuep5AsIlqK+XefWpYTyJG5e503F2xIuT2lcU6rCSw==}
    peerDependencies:
      ws: '*'
    dependencies:
      ws: 8.16.0
    dev: false

  /loglevel@1.9.1:
    resolution: {integrity: sha512-hP3I3kCrDIMuRwAwHltphhDM1r8i55H33GgqjXbrisuJhF4kRhW1dNuxsRklp4bXl8DSdLaNLuiL4A/LWRfxvg==}
    engines: {node: '>= 0.6.0'}
    dev: false

  /ws@8.16.0:
    resolution: {integrity: sha512-HS0c//TP7Ina87TfiPUz1rQzMhHrl/SG2guqRcTOIUYD2q8uhUdNHZYJUaQ8aTGPzCh+c6oawMKW35nFl1dxyQ==}
    engines: {node: '>=10.0.0'}
    peerDependencies:
      bufferutil: ^4.0.1
      utf-8-validate: '>=5.0.2'
    peerDependenciesMeta:
      bufferutil:
        optional: true
      utf-8-validate:
        optional: true
    dev: false

  file:../meower-media-meower-2.0.0-alpha10.tgz:
    resolution: {integrity: sha512-koMsqnBMcVPRjXm8mzOnO7B5YXW7mNIppfHbwKMDnyFxdGKWUwkgnpVqQvCj/O2SsFQueEuEXsOqzrwJISt7nQ==, tarball: file:../meower-media-meower-2.0.0-alpha10.tgz}
    name: '@meower-media/meower'
    version: 2.0.0-alpha10
    dependencies:
      events: 3.3.0
      isomorphic-ws: 5.0.0(ws@8.16.0)
      loglevel: 1.9.1
      ws: 8.16.0
    transitivePeerDependencies:
      - bufferutil
      - utf-8-validate
    dev: false
